
Microsoft Visual Studio Solution File, Format Version 12.00
# Visual Studio 14
VisualStudioVersion = 14.0.24720.0
MinimumVisualStudioVersion = 10.0.40219.1
Project("{FAE04EC0-301F-11D3-BF4B-00C04F79EFBC}") = "OsmSharp.Db.SQLite", "OsmSharp.Db.SQLite\OsmSharp.Db.SQLite.csproj", "{5C4BCE30-FBB8-408A-B702-33DFF5CC4A36}"
EndProject
Project("{FAE04EC0-301F-11D3-BF4B-00C04F79EFBC}") = "OsmSharp.Db.SQLite.Test", "OsmSharp.Db.SQLite.Test\OsmSharp.Db.SQLite.Test.csproj", "{129777EE-888E-4D9F-B309-1087F60C65F6}"
EndProject
Project("{FAE04EC0-301F-11D3-BF4B-00C04F79EFBC}") = "OsmSharp.Db.SQLite.Test.Functional", "OsmSharp.Db.SQLite.Test.Functional\OsmSharp.Db.SQLite.Test.Functional.csproj", "{9CB15EDE-DDBB-4A49-8193-9ADD3FB067B7}"
EndProject
Global
	GlobalSection(Performance) = preSolution
		HasPerformanceSessions = true
	EndGlobalSection
	GlobalSection(SolutionConfigurationPlatforms) = preSolution
		Debug|Any CPU = Debug|Any CPU
		Debug|x64 = Debug|x64
		Debug|x86 = Debug|x86
		Release|Any CPU = Release|Any CPU
		Release|x64 = Release|x64
		Release|x86 = Release|x86
	EndGlobalSection
	GlobalSection(ProjectConfigurationPlatforms) = postSolution
		{5C4BCE30-FBB8-408A-B702-33DFF5CC4A36}.Debug|Any CPU.ActiveCfg = Debug|Any CPU
		{5C4BCE30-FBB8-408A-B702-33DFF5CC4A36}.Debug|Any CPU.Build.0 = Debug|Any CPU
		{5C4BCE30-FBB8-408A-B702-33DFF5CC4A36}.Debug|x64.ActiveCfg = Debug|x64
		{5C4BCE30-FBB8-408A-B702-33DFF5CC4A36}.Debug|x64.Build.0 = Debug|x64
		{5C4BCE30-FBB8-408A-B702-33DFF5CC4A36}.Debug|x86.ActiveCfg = Debug|x86
		{5C4BCE30-FBB8-408A-B702-33DFF5CC4A36}.Debug|x86.Build.0 = Debug|x86
		{5C4BCE30-FBB8-408A-B702-33DFF5CC4A36}.Release|Any CPU.ActiveCfg = Release|Any CPU
		{5C4BCE30-FBB8-408A-B702-33DFF5CC4A36}.Release|Any CPU.Build.0 = Release|Any CPU
		{5C4BCE30-FBB8-408A-B702-33DFF5CC4A36}.Release|x64.ActiveCfg = Release|x64
		{5C4BCE30-FBB8-408A-B702-33DFF5CC4A36}.Release|x64.Build.0 = Release|x64
		{5C4BCE30-FBB8-408A-B702-33DFF5CC4A36}.Release|x86.ActiveCfg = Release|x86
		{5C4BCE30-FBB8-408A-B702-33DFF5CC4A36}.Release|x86.Build.0 = Release|x86
		{129777EE-888E-4D9F-B309-1087F60C65F6}.Debug|Any CPU.ActiveCfg = Debug|Any CPU
		{129777EE-888E-4D9F-B309-1087F60C65F6}.Debug|Any CPU.Build.0 = Debug|Any CPU
		{129777EE-888E-4D9F-B309-1087F60C65F6}.Debug|x64.ActiveCfg = Debug|x64
		{129777EE-888E-4D9F-B309-1087F60C65F6}.Debug|x64.Build.0 = Debug|x64
		{129777EE-888E-4D9F-B309-1087F60C65F6}.Debug|x86.ActiveCfg = Debug|Any CPU
		{129777EE-888E-4D9F-B309-1087F60C65F6}.Debug|x86.Build.0 = Debug|Any CPU
		{129777EE-888E-4D9F-B309-1087F60C65F6}.Release|Any CPU.ActiveCfg = Release|Any CPU
		{129777EE-888E-4D9F-B309-1087F60C65F6}.Release|Any CPU.Build.0 = Release|Any CPU
		{129777EE-888E-4D9F-B309-1087F60C65F6}.Release|x64.ActiveCfg = Release|Any CPU
		{129777EE-888E-4D9F-B309-1087F60C65F6}.Release|x64.Build.0 = Release|Any CPU
		{129777EE-888E-4D9F-B309-1087F60C65F6}.Release|x86.ActiveCfg = Release|Any CPU
		{129777EE-888E-4D9F-B309-1087F60C65F6}.Release|x86.Build.0 = Release|Any CPU
		{9CB15EDE-DDBB-4A49-8193-9ADD3FB067B7}.Debug|Any CPU.ActiveCfg = Debug|Any CPU
		{9CB15EDE-DDBB-4A49-8193-9ADD3FB067B7}.Debug|Any CPU.Build.0 = Debug|Any CPU
		{9CB15EDE-DDBB-4A49-8193-9ADD3FB067B7}.Debug|x64.ActiveCfg = Debug|x64
		{9CB15EDE-DDBB-4A49-8193-9ADD3FB067B7}.Debug|x64.Build.0 = Debug|x64
		{9CB15EDE-DDBB-4A49-8193-9ADD3FB067B7}.Debug|x86.ActiveCfg = Debug|Any CPU
		{9CB15EDE-DDBB-4A49-8193-9ADD3FB067B7}.Debug|x86.Build.0 = Debug|Any CPU
		{9CB15EDE-DDBB-4A49-8193-9ADD3FB067B7}.Release|Any CPU.ActiveCfg = Release|Any CPU
		{9CB15EDE-DDBB-4A49-8193-9ADD3FB067B7}.Release|Any CPU.Build.0 = Release|Any CPU
		{9CB15EDE-DDBB-4A49-8193-9ADD3FB067B7}.Release|x64.ActiveCfg = Release|Any CPU
		{9CB15EDE-DDBB-4A49-8193-9ADD3FB067B7}.Release|x64.Build.0 = Release|Any CPU
		{9CB15EDE-DDBB-4A49-8193-9ADD3FB067B7}.Release|x86.ActiveCfg = Release|Any CPU
		{9CB15EDE-DDBB-4A49-8193-9ADD3FB067B7}.Release|x86.Build.0 = Release|Any CPU
	EndGlobalSection
	GlobalSection(SolutionProperties) = preSolution
		HideSolutionNode = FALSE
	EndGlobalSection
	GlobalSection(MonoDevelopProperties) = preSolution
		StartupItem = OsmSharp.WinForms.UI.Sample\OsmSharp.WinForms.UI.Sample.csproj
	EndGlobalSection
EndGlobal
